Microsoft Visual Studio Solution File, Format Version 12.00
# Visual Studio 15
VisualStudioVersion = 15.0.27004.2006
MinimumVisualStudioVersion = 10.0.40219.1
Project("{8BC9CEB8-8B4A-11D0-8D11-00A0C91BC942}") = "Template", "Template.vcxproj", "{147BF424-49C6-4C6D-A6F1-A38D1A0850DA}"
EndProject
Global
	GlobalSection(SolutionConfigurationPlatforms) = preSolution
		Debug|Win32 = Debug|Win32
		Release|Win32 = Release|Win32
	EndGlobalSection
	GlobalSection(ProjectConfigurationPlatforms) = postSolution
		{147BF424-49C6-4C6D-A6F1-A38D1A0850DA}.Debug|Win32.ActiveCfg = Debug|Win32
		{147BF424-49C6-4C6D-A6F1-A38D1A0850DA}.Debug|Win32.Build.0 = Debug|Win32
		{147BF424-49C6-4C6D-A6F1-A38D1A0850DA}.Release|Win32.ActiveCfg = Release|Win32
		{147BF424-49C6-4C6D-A6F1-A38D1A0850DA}.Release|Win32.Build.0 = Release|Win32
	EndGlobalSection
	GlobalSection(SolutionProperties) = preSolution
		HideSolutionNode = FALSE
	EndGlobalSection
	GlobalSection(ExtensibilityGlobals) = postSolution
		SolutionGuid = {E511A468-5A6E-4AB5-BD97-7CF5D92BFDF1}
	EndGlobalSection
EndGlobal
